
Microsoft Visual Studio Solution File, Format Version 12.00
# Visual Studio Version 16
VisualStudioVersion = 16.0.31702.278
MinimumVisualStudioVersion = 10.0.40219.1
Project("{FAE04EC0-301F-11D3-BF4B-00C04F79EFBC}") = "MiniGames_Team9", "MiniGames_Team9\MiniGames_Team9.csproj", "{2C062A3C-19FC-4B2E-B8F5-D0402E1AB0E8}"
EndProject
Global
	GlobalSection(SolutionConfigurationPlatforms) = preSolution
		Debug|Any CPU = Debug|Any CPU
		Release|Any CPU = Release|Any CPU
	EndGlobalSection
	GlobalSection(ProjectConfigurationPlatforms) = postSolution
		{2C062A3C-19FC-4B2E-B8F5-D0402E1AB0E8}.Debug|Any CPU.ActiveCfg = Debug|Any CPU
		{2C062A3C-19FC-4B2E-B8F5-D0402E1AB0E8}.Debug|Any CPU.Build.0 = Debug|Any CPU
		{2C062A3C-19FC-4B2E-B8F5-D0402E1AB0E8}.Release|Any CPU.ActiveCfg = Release|Any CPU
		{2C062A3C-19FC-4B2E-B8F5-D0402E1AB0E8}.Release|Any CPU.Build.0 = Release|Any CPU
	EndGlobalSection
	GlobalSection(SolutionProperties) = preSolution
		HideSolutionNode = FALSE
	EndGlobalSection
	GlobalSection(ExtensibilityGlobals) = postSolution
		SolutionGuid = {64484F17-AE5A-4A98-8861-9CBF55DDC8A8}
	EndGlobalSection
EndGlobal
